// !$*UTF8*$!
{
	archiveVersion = 1;
	classes = {
	};
	objectVersion = 48;
	objects = {

/* Begin PBXBuildFile section */
		3700DEEE202A1B690010408B /* AppDelegate.swift in Sources */ = {isa = PBXBuildFile; fileRef = 3700DEED202A1B690010408B /* AppDelegate.swift */; };
		3700DEF0202A1B690010408B /* ViewController.swift in Sources */ = {isa = PBXBuildFile; fileRef = 3700DEEF202A1B690010408B /* ViewController.swift */; };
		3700DEF3202A1B690010408B /* Main.storyboard in Resources */ = {isa = PBXBuildFile; fileRef = 3700DEF1202A1B690010408B /* Main.storyboard */; };
		3700DEF5202A1B690010408B /* Assets.xcassets in Resources */ = {isa = PBXBuildFile; fileRef = 3700DEF4202A1B690010408B /* Assets.xcassets */; };
		3700DEF8202A1B690010408B /* LaunchScreen.storyboard in Resources */ = {isa = PBXBuildFile; fileRef = 3700DEF6202A1B690010408B /* LaunchScreen.storyboard */; };
		7A68D6858E740794887EAE76 /* Pods_ContinuumSample.framework in Frameworks */ = {isa = PBXBuildFile; fileRef = 7D790DBFAB019D834272CC9A /* Pods_ContinuumSample.framework */; };
/* End PBXBuildFile section */

/* Begin PBXFileReference section */
		3700DEEA202A1B690010408B /* ContinuumSample.app */ = {isa = PBXFileReference; explicitFileType = wrapper.application; includeInIndex = 0; path = ContinuumSample.app; sourceTree = BUILT_PRODUCTS_DIR; };
		3700DEED202A1B690010408B /* AppDelegate.swift */ = {isa = PBXFileReference; lastKnownFileType = sourcecode.swift; path = AppDelegate.swift; sourceTree = "<group>"; };
		3700DEEF202A1B690010408B /* ViewController.swift */ = {isa = PBXFileReference; lastKnownFileType = sourcecode.swift; path = ViewController.swift; sourceTree = "<group>"; };
		3700DEF2202A1B690010408B /* Base */ = {isa = PBXFileReference; lastKnownFileType = file.storyboard; name = Base; path = Base.lproj/Main.storyboard; sourceTree = "<group>"; };
		3700DEF4202A1B690010408B /* Assets.xcassets */ = {isa = PBXFileReference; lastKnownFileType = folder.assetcatalog; path = Assets.xcassets; sourceTree = "<group>"; };
		3700DEF7202A1B690010408B /* Base */ = {isa = PBXFileReference; lastKnownFileType = file.storyboard; name = Base; path = Base.lproj/LaunchScreen.storyboard; sourceTree = "<group>"; };
		3700DEF9202A1B690010408B /* Info.plist */ = {isa = PBXFileReference; lastKnownFileType = text.plist.xml; path = Info.plist; sourceTree = "<group>"; };
		7D790DBFAB019D834272CC9A /* Pods_ContinuumSample.framework */ = {isa = PBXFileReference; explicitFileType = wrapper.framework; includeInIndex = 0; path = Pods_ContinuumSample.framework; sourceTree = BUILT_PRODUCTS_DIR; };
		89766802E0978ADFA9D1162F /* Pods-ContinuumSample.debug.xcconfig */ = {isa = PBXFileReference; includeInIndex = 1; lastKnownFileType = text.xcconfig; name = "Pods-ContinuumSample.debug.xcconfig"; path = "Pods/Target Support Files/Pods-ContinuumSample/Pods-ContinuumSample.debug.xcconfig"; sourceTree = "<group>"; };
		D77E8EFE48AE7DEB9223E883 /* Pods-ContinuumSample.release.xcconfig */ = {isa = PBXFileReference; includeInIndex = 1; lastKnownFileType = text.xcconfig; name = "Pods-ContinuumSample.release.xcconfig"; path = "Pods/Target Support Files/Pods-ContinuumSample/Pods-ContinuumSample.release.xcconfig"; sourceTree = "<group>"; };
/* End PBXFileReference section */

/* Begin PBXFrameworksBuildPhase section */
		3700DEE7202A1B690010408B /* Frameworks */ = {
			isa = PBXFrameworksBuildPhase;
			buildActionMask = 2147483647;
			files = (
				7A68D6858E740794887EAE76 /* Pods_ContinuumSample.framework in Frameworks */,
			);
			runOnlyForDeploymentPostprocessing = 0;
		};
/* End PBXFrameworksBuildPhase section */

/* Begin PBXGroup section */
		3700DEE1202A1B690010408B = {
			isa = PBXGroup;
			children = (
				3700DEEC202A1B690010408B /* ContinuumSample */,
				3700DEEB202A1B690010408B /* Products */,
				40775F7DFA4250250857AA6B /* Pods */,
				F26FD004F44C94FE58128834 /* Frameworks */,
			);
			sourceTree = "<group>";
		};
		3700DEEB202A1B690010408B /* Products */ = {
			isa = PBXGroup;
			children = (
				3700DEEA202A1B690010408B /* ContinuumSample.app */,
			);
			name = Products;
			sourceTree = "<group>";
		};
		3700DEEC202A1B690010408B /* ContinuumSample */ = {
			isa = PBXGroup;
			children = (
				3700DEED202A1B690010408B /* AppDelegate.swift */,
				3700DEEF202A1B690010408B /* ViewController.swift */,
				3700DEF1202A1B690010408B /* Main.storyboard */,
				3700DEF4202A1B690010408B /* Assets.xcassets */,
				3700DEF6202A1B690010408B /* LaunchScreen.storyboard */,
				3700DEF9202A1B690010408B /* Info.plist */,
			);
			path = ContinuumSample;
			sourceTree = "<group>";
		};
		40775F7DFA4250250857AA6B /* Pods */ = {
			isa = PBXGroup;
			children = (
				89766802E0978ADFA9D1162F /* Pods-ContinuumSample.debug.xcconfig */,
				D77E8EFE48AE7DEB9223E883 /* Pods-ContinuumSample.release.xcconfig */,
			);
			name = Pods;
			sourceTree = "<group>";
		};
		F26FD004F44C94FE58128834 /* Frameworks */ = {
			isa = PBXGroup;
			children = (
				7D790DBFAB019D834272CC9A /* Pods_ContinuumSample.framework */,
			);
			name = Frameworks;
			sourceTree = "<group>";
		};
/* End PBXGroup section */

/* Begin PBXNativeTarget section */
		3700DEE9202A1B690010408B /* ContinuumSample */ = {
			isa = PBXNativeTarget;
			buildConfigurationList = 3700DEFC202A1B690010408B /* Build configuration list for PBXNativeTarget "ContinuumSample" */;
			buildPhases = (
				19952AEC5DC9C125B68CB744 /* [CP] Check Pods Manifest.lock */,
				3700DEE6202A1B690010408B /* Sources */,
				3700DEE7202A1B690010408B /* Frameworks */,
				3700DEE8202A1B690010408B /* Resources */,
				5F8D13A94B7694248762A938 /* [CP] Embed Pods Frameworks */,
				0E6764616709DAC64369286E /* [CP] Copy Pods Resources */,
			);
			buildRules = (
			);
			dependencies = (
			);
			name = ContinuumSample;
			productName = ContinuumSample;
			productReference = 3700DEEA202A1B690010408B /* ContinuumSample.app */;
			productType = "com.apple.product-type.application";
		};
/* End PBXNativeTarget section */

/* Begin PBXProject section */
		3700DEE2202A1B690010408B /* Project object */ = {
			isa = PBXProject;
			attributes = {
				LastSwiftUpdateCheck = 0920;
				LastUpgradeCheck = 0920;
				ORGANIZATIONNAME = "marty-suzuki";
				TargetAttributes = {
					3700DEE9202A1B690010408B = {
						CreatedOnToolsVersion = 9.2;
						ProvisioningStyle = Automatic;
					};
				};
			};
			buildConfigurationList = 3700DEE5202A1B690010408B /* Build configuration list for PBXProject "ContinuumSample" */;
			compatibilityVersion = "Xcode 8.0";
			developmentRegion = en;
			hasScannedForEncodings = 0;
			knownRegions = (
				en,
				Base,
			);
			mainGroup = 3700DEE1202A1B690010408B;
			productRefGroup = 3700DEEB202A1B690010408B /* Products */;
			projectDirPath = "";
			projectRoot = "";
			targets = (
				3700DEE9202A1B690010408B /* ContinuumSample */,
			);
		};
/* End PBXProject section */

/* Begin PBXResourcesBuildPhase section */
		3700DEE8202A1B690010408B /* Resources */ = {
			isa = PBXResourcesBuildPhase;
			buildActionMask = 2147483647;
			files = (
				3700DEF8202A1B690010408B /* LaunchScreen.storyboard in Resources */,
				3700DEF5202A1B690010408B /* Assets.xcassets in Resources */,
				3700DEF3202A1B690010408B /* Main.storyboard in Resources */,
			);
			runOnlyForDeploymentPostprocessing = 0;
		};
/* End PBXResourcesBuildPhase section */

/* Begin PBXShellScriptBuildPhase section */
		0E6764616709DAC64369286E /* [CP] Copy Pods Resources */ = {
			isa = PBXShellScriptBuildPhase;
			buildActionMask = 2147483647;
			files = (
			);
			inputPaths = (
			);
			name = "[CP] Copy Pods Resources";
			outputPaths = (
			);
			runOnlyForDeploymentPostprocessing = 0;
			shellPath = /bin/sh;
			shellScript = "\"${SRCROOT}/Pods/Target Support Files/Pods-ContinuumSample/Pods-ContinuumSample-resources.sh\"\n";
			showEnvVarsInLog = 0;
		};
		19952AEC5DC9C125B68CB744 /* [CP] Check Pods Manifest.lock */ = {
			isa = PBXShellScriptBuildPhase;
			buildActionMask = 2147483647;
			files = (
			);
			inputPaths = (
				"${PODS_PODFILE_DIR_PATH}/Podfile.lock",
				"${PODS_ROOT}/Manifest.lock",
			);
			name = "[CP] Check Pods Manifest.lock";
			outputPaths = (
				"$(DERIVED_FILE_DIR)/Pods-ContinuumSample-checkManifestLockResult.txt",
			);
			runOnlyForDeploymentPostprocessing = 0;
			shellPath = /bin/sh;
			shellScript = "diff \"${PODS_PODFILE_DIR_PATH}/Podfile.lock\" \"${PODS_ROOT}/Manifest.lock\" > /dev/null\nif [ $? != 0 ] ; then\n    # print error to STDERR\n    echo \"error: The sandbox is not in sync with the Podfile.lock. Run 'pod install' or update your CocoaPods installation.\" >&2\n    exit 1\nfi\n# This output is used by Xcode 'outputs' to avoid re-running this script phase.\necho \"SUCCESS\" > \"${SCRIPT_OUTPUT_FILE_0}\"\n";
			showEnvVarsInLog = 0;
		};
		5F8D13A94B7694248762A938 /* [CP] Embed Pods Frameworks */ = {
			isa = PBXShellScriptBuildPhase;
			buildActionMask = 2147483647;
			files = (
			);
			inputPaths = (
				"${SRCROOT}/Pods/Target Support Files/Pods-ContinuumSample/Pods-ContinuumSample-frameworks.sh",
				"${BUILT_PRODUCTS_DIR}/Continuum/Continuum.framework",
			);
			name = "[CP] Embed Pods Frameworks";
			outputPaths = (
				"${TARGET_BUILD_DIR}/${FRAMEWORKS_FOLDER_PATH}/Continuum.framework",
			);
			runOnlyForDeploymentPostprocessing = 0;
			shellPath = /bin/sh;
			shellScript = "\"${SRCROOT}/Pods/Target Support Files/Pods-ContinuumSample/Pods-ContinuumSample-frameworks.sh\"\n";
			showEnvVarsInLog = 0;
		};
/* End PBXShellScriptBuildPhase section */

/* Begin PBXSourcesBuildPhase section */
		3700DEE6202A1B690010408B /* Sources */ = {
			isa = PBXSourcesBuildPhase;
			buildActionMask = 2147483647;
			files = (
				3700DEF0202A1B690010408B /* ViewController.swift in Sources */,
				3700DEEE202A1B690010408B /* AppDelegate.swift in Sources */,
			);
			runOnlyForDeploymentPostprocessing = 0;
		};
/* End PBXSourcesBuildPhase section */

/* Begin PBXVariantGroup section */
		3700DEF1202A1B690010408B /* Main.storyboard */ = {
			isa = PBXVariantGroup;
			children = (
				3700DEF2202A1B690010408B /* Base */,
			);
			name = Main.storyboard;
			sourceTree = "<group>";
		};
		3700DEF6202A1B690010408B /* LaunchScreen.storyboard */ = {
			isa = PBXVariantGroup;
			children = (
				3700DEF7202A1B690010408B /* Base */,
			);
			name = LaunchScreen.storyboard;
			sourceTree = "<group>";
		};
/* End PBXVariantGroup section */

/* Begin XCBuildConfiguration section */
		3700DEFA202A1B690010408B /* Debug */ = {
			isa = XCBuildConfiguration;
			buildSettings = {
				ALWAYS_SEARCH_USER_PATHS = NO;
				CLANG_ANALYZER_NONNULL = YES;
				CLANG_ANALYZER_NUMBER_OBJECT_CONVERSION = YES_AGGRESSIVE;
				CLANG_CXX_LANGUAGE_STANDARD = "gnu++14";
				CLANG_CXX_LIBRARY = "libc++";
				CLANG_ENABLE_MODULES = YES;
				CLANG_ENABLE_OBJC_ARC = YES;
				CLANG_WARN_BLOCK_CAPTURE_AUTORELEASING = YES;
				CLANG_WARN_BOOL_CONVERSION = YES;
				CLANG_WARN_COMMA = YES;
				CLANG_WARN_CONSTANT_CONVERSION = YES;
				CLANG_WARN_DIRECT_OBJC_ISA_USAGE = YES_ERROR;
				CLANG_WARN_DOCUMENTATION_COMMENTS = YES;
				CLANG_WARN_EMPTY_BODY = YES;
				CLANG_WARN_ENUM_CONVERSION = YES;
				CLANG_WARN_INFINITE_RECURSION = YES;
				CLANG_WARN_INT_CONVERSION = YES;
				CLANG_WARN_NON_LITERAL_NULL_CONVERSION = YES;
				CLANG_WARN_OBJC_LITERAL_CONVERSION = YES;
				CLANG_WARN_OBJC_ROOT_CLASS = YES_ERROR;
				CLANG_WARN_RANGE_LOOP_ANALYSIS = YES;
				CLANG_WARN_STRICT_PROTOTYPES = YES;
				CLANG_WARN_SUSPICIOUS_MOVE = YES;
				CLANG_WARN_UNGUARDED_AVAILABILITY = YES_AGGRESSIVE;
				CLANG_WARN_UNREACHABLE_CODE = YES;
				CLANG_WARN__DUPLICATE_METHOD_MATCH = YES;
				CODE_SIGN_IDENTITY = "iPhone Developer";
				COPY_PHASE_STRIP = NO;
				DEBUG_INFORMATION_FORMAT = dwarf;
				ENABLE_STRICT_OBJC_MSGSEND = YES;
				ENABLE_TESTABILITY = YES;
				GCC_C_LANGUAGE_STANDARD = gnu11;
				GCC_DYNAMIC_NO_PIC = NO;
				GCC_NO_COMMON_BLOCKS = YES;
				GCC_OPTIMIZATION_LEVEL = 0;
				GCC_PREPROCESSOR_DEFINITIONS = (
					"DEBUG=1",
					"$(inherited)",
				);
				GCC_WARN_64_TO_32_BIT_CONVERSION = YES;
				GCC_WARN_ABOUT_RETURN_TYPE = YES_ERROR;
				GCC_WARN_UNDECLARED_SELECTOR = YES;
				GCC_WARN_UNINITIALIZED_AUTOS = YES_AGGRESSIVE;
				GCC_WARN_UNUSED_FUNCTION = YES;
				GCC_WARN_UNUSED_VARIABLE = YES;
				IPHONEOS_DEPLOYMENT_TARGET = 11.2;
				MTL_ENABLE_DEBUG_INFO = YES;
				ONLY_ACTIVE_ARCH = YES;
				SDKROOT = iphoneos;
				SWIFT_ACTIVE_COMPILATION_CONDITIONS = DEBUG;
				SWIFT_OPTIMIZATION_LEVEL = "-Onone";
			};
			name = Debug;
		};
		3700DEFB202A1B690010408B /* Release */ = {
			isa = XCBuildConfiguration;
			buildSettings = {
				ALWAYS_SEARCH_USER_PATHS = NO;
				CLANG_ANALYZER_NONNULL = YES;
				CLANG_ANALYZER_NUMBER_OBJECT_CONVERSION = YES_AGGRESSIVE;
				CLANG_CXX_LANGUAGE_STANDARD = "gnu++14";
				CLANG_CXX_LIBRARY = "libc++";
				CLANG_ENABLE_MODULES = YES;
				CLANG_ENABLE_OBJC_ARC = YES;
				CLANG_WARN_BLOCK_CAPTURE_AUTORELEASING = YES;
				CLANG_WARN_BOOL_CONVERSION = YES;
				CLANG_WARN_COMMA = YES;
				CLANG_WARN_CONSTANT_CONVERSION = YES;
				CLANG_WARN_DIRECT_OBJC_ISA_USAGE = YES_ERROR;
				CLANG_WARN_DOCUMENTATION_COMMENTS = YES;
				CLANG_WARN_EMPTY_BODY = YES;
				CLANG_WARN_ENUM_CONVERSION = YES;
				CLANG_WARN_INFINITE_RECURSION = YES;
				CLANG_WARN_INT_CONVERSION = YES;
				CLANG_WARN_NON_LITERAL_NULL_CONVERSION = YES;
				CLANG_WARN_OBJC_LITERAL_CONVERSION = YES;
				CLANG_WARN_OBJC_ROOT_CLASS = YES_ERROR;
				CLANG_WARN_RANGE_LOOP_ANALYSIS = YES;
				CLANG_WARN_STRICT_PROTOTYPES = YES;
				CLANG_WARN_SUSPICIOUS_MOVE = YES;
				CLANG_WARN_UNGUARDED_AVAILABILITY = YES_AGGRESSIVE;
				CLANG_WARN_UNREACHABLE_CODE = YES;
				CLANG_WARN__DUPLICATE_METHOD_MATCH = YES;
				CODE_SIGN_IDENTITY = "iPhone Developer";
				COPY_PHASE_STRIP = NO;
				DEBUG_INFORMATION_FORMAT = "dwarf-with-dsym";
				ENABLE_NS_ASSERTIONS = NO;
				ENABLE_STRICT_OBJC_MSGSEND = YES;
				GCC_C_LANGUAGE_STANDARD = gnu11;
				GCC_NO_COMMON_BLOCKS = YES;
				GCC_WARN_64_TO_32_BIT_CONVERSION = YES;
				GCC_WARN_ABOUT_RETURN_TYPE = YES_ERROR;
				GCC_WARN_UNDECLARED_SELECTOR = YES;
				GCC_WARN_UNINITIALIZED_AUTOS = YES_AGGRESSIVE;
				GCC_WARN_UNUSED_FUNCTION = YES;
				GCC_WARN_UNUSED_VARIABLE = YES;
				IPHONEOS_DEPLOYMENT_TARGET = 11.2;
				MTL_ENABLE_DEBUG_INFO = NO;
				SDKROOT = iphoneos;
				SWIFT_OPTIMIZATION_LEVEL = "-Owholemodule";
				VALIDATE_PRODUCT = YES;
			};
			name = Release;
		};
		3700DEFD202A1B690010408B /* Debug */ = {
			isa = XCBuildConfiguration;
			baseConfigurationReference = 89766802E0978ADFA9D1162F /* Pods-ContinuumSample.debug.xcconfig */;
			buildSettings = {
				ASSETCATALOG_COMPILER_APPICON_NAME = AppIcon;
				CODE_SIGN_STYLE = Automatic;
				INFOPLIST_FILE = ContinuumSample/Info.plist;
				IPHONEOS_DEPLOYMENT_TARGET = 10.0;
				LD_RUNPATH_SEARCH_PATHS = "$(inherited) @executable_path/Frameworks";
				PRODUCT_BUNDLE_IDENTIFIER = "jp.marty-suzuki.ContinuumSample";
				PRODUCT_NAME = "$(TARGET_NAME)";
				SWIFT_VERSION = 4.0;
				TARGETED_DEVICE_FAMILY = "1,2";
			};
			name = Debug;
		};
		3700DEFE202A1B690010408B /* Release */ = {
			isa = XCBuildConfiguration;
			baseConfigurationReference = D77E8EFE48AE7DEB9223E883 /* Pods-ContinuumSample.release.xcconfig */;
			buildSettings = {
				ASSETCATALOG_COMPILER_APPICON_NAME = AppIcon;
				CODE_SIGN_STYLE = Automatic;
				INFOPLIST_FILE = ContinuumSample/Info.plist;
				IPHONEOS_DEPLOYMENT_TARGET = 10.0;
				LD_RUNPATH_SEARCH_PATHS = "$(inherited) @executable_path/Frameworks";
				PRODUCT_BUNDLE_IDENTIFIER = "jp.marty-suzuki.ContinuumSample";
				PRODUCT_NAME = "$(TARGET_NAME)";
				SWIFT_VERSION = 4.0;
				TARGETED_DEVICE_FAMILY = "1,2";
			};
			name = Release;
		};
/* End XCBuildConfiguration section */

/* Begin XCConfigurationList section */
		3700DEE5202A1B690010408B /* Build configuration list for PBXProject "ContinuumSample" */ = {
			isa = XCConfigurationList;
			buildConfigurations = (
				3700DEFA202A1B690010408B /* Debug */,
				3700DEFB202A1B690010408B /* Release */,
			);
			defaultConfigurationIsVisible = 0;
			defaultConfigurationName = Release;
		};
		3700DEFC202A1B690010408B /* Build configuration list for PBXNativeTarget "ContinuumSample" */ = {
			isa = XCConfigurationList;
			buildConfigurations = (
				3700DEFD202A1B690010408B /* Debug */,
				3700DEFE202A1B690010408B /* Release */,
			);
			defaultConfigurationIsVisible = 0;
			defaultConfigurationName = Release;
		};
/* End XCConfigurationList section */
	};
	rootObject = 3700DEE2202A1B690010408B /* Project object */;
}
